{
  "name": "officebox-web",
  "version": "0.1.0",
  "lockfileVersion": 3,
  "requires": true,
  "packages": {
    "": {
      "name": "officebox-web",
      "version": "0.1.0",
      "dependencies": {
        "@vitejs/plugin-vue": "latest",
        "lucide-vue-next": "latest",
        "typescript": "latest",
        "vite": "latest",
        "vue": "latest"
      }
    }
  }
}
